
Microsoft Visual Studio Solution File, Format Version 12.00
# Visual Studio Version 16
VisualStudioVersion = 16.0.28803.352
MinimumVisualStudioVersion = 10.0.40219.1
Project("{FAE04EC0-301F-11D3-BF4B-00C04F79EFBC}") = "HumanResources", "HumanResources\HumanResources.csproj", "{2CFC771B-6D14-4824-BDA2-53A9E95F024B}"
EndProject
Global
	GlobalSection(SolutionConfigurationPlatforms) = preSolution
		Debug|Any CPU = Debug|Any CPU
		Release|Any CPU = Release|Any CPU
	EndGlobalSection
	GlobalSection(ProjectConfigurationPlatforms) = postSolution
		{2CFC771B-6D14-4824-BDA2-53A9E95F024B}.Debug|Any CPU.ActiveCfg = Debug|Any CPU
		{2CFC771B-6D14-4824-BDA2-53A9E95F024B}.Debug|Any CPU.Build.0 = Debug|Any CPU
		{2CFC771B-6D14-4824-BDA2-53A9E95F024B}.Release|Any CPU.ActiveCfg = Release|Any CPU
		{2CFC771B-6D14-4824-BDA2-53A9E95F024B}.Release|Any CPU.Build.0 = Release|Any CPU
	EndGlobalSection
	GlobalSection(SolutionProperties) = preSolution
		HideSolutionNode = FALSE
	EndGlobalSection
	GlobalSection(ExtensibilityGlobals) = postSolution
		SolutionGuid = {33518B12-964B-4A60-9F24-C64CA84BE244}
	EndGlobalSection
EndGlobal
